// !$*UTF8*$!
{
	archiveVersion = 1;
	classes = {
	};
	objectVersion = 50;
	objects = {

/* Begin PBXBuildFile section */
		520DC80522A4601900253A1A /* AppDelegate.swift in Sources */ = {isa = PBXBuildFile; fileRef = 520DC80422A4601900253A1A /* AppDelegate.swift */; };
		520DC80722A4601900253A1A /* ViewController.swift in Sources */ = {isa = PBXBuildFile; fileRef = 520DC80622A4601900253A1A /* ViewController.swift */; };
		520DC80A22A4601900253A1A /* Main.storyboard in Resources */ = {isa = PBXBuildFile; fileRef = 520DC80822A4601900253A1A /* Main.storyboard */; };
		520DC80C22A4601A00253A1A /* Assets.xcassets in Resources */ = {isa = PBXBuildFile; fileRef = 520DC80B22A4601A00253A1A /* Assets.xcassets */; };
		520DC80F22A4601A00253A1A /* LaunchScreen.storyboard in Resources */ = {isa = PBXBuildFile; fileRef = 520DC80D22A4601A00253A1A /* LaunchScreen.storyboard */; };
		520DC81722A46FA600253A1A /* TextPartsForOverlay.swift in Sources */ = {isa = PBXBuildFile; fileRef = 520DC81622A46FA600253A1A /* TextPartsForOverlay.swift */; };
		520DC81922A47E2E00253A1A /* bunny.mp4 in Resources */ = {isa = PBXBuildFile; fileRef = 520DC81822A47E2E00253A1A /* bunny.mp4 */; };
		520DC81B22A47E4200253A1A /* countdown.mov in Resources */ = {isa = PBXBuildFile; fileRef = 520DC81A22A47E4200253A1A /* countdown.mov */; };
		520DC81D22A4F1DA00253A1A /* VideoHelper.swift in Sources */ = {isa = PBXBuildFile; fileRef = 520DC81C22A4F1DA00253A1A /* VideoHelper.swift */; };
/* End PBXBuildFile section */

/* Begin PBXFileReference section */
		520DC80122A4601800253A1A /* VideoWithOverlay.app */ = {isa = PBXFileReference; explicitFileType = wrapper.application; includeInIndex = 0; path = VideoWithOverlay.app; sourceTree = BUILT_PRODUCTS_DIR; };
		520DC80422A4601900253A1A /* AppDelegate.swift */ = {isa = PBXFileReference; lastKnownFileType = sourcecode.swift; path = AppDelegate.swift; sourceTree = "<group>"; };
		520DC80622A4601900253A1A /* ViewController.swift */ = {isa = PBXFileReference; lastKnownFileType = sourcecode.swift; path = ViewController.swift; sourceTree = "<group>"; };
		520DC80922A4601900253A1A /* Base */ = {isa = PBXFileReference; lastKnownFileType = file.storyboard; name = Base; path = Base.lproj/Main.storyboard; sourceTree = "<group>"; };
		520DC80B22A4601A00253A1A /* Assets.xcassets */ = {isa = PBXFileReference; lastKnownFileType = folder.assetcatalog; path = Assets.xcassets; sourceTree = "<group>"; };
		520DC80E22A4601A00253A1A /* Base */ = {isa = PBXFileReference; lastKnownFileType = file.storyboard; name = Base; path = Base.lproj/LaunchScreen.storyboard; sourceTree = "<group>"; };
		520DC81022A4601A00253A1A /* Info.plist */ = {isa = PBXFileReference; lastKnownFileType = text.plist.xml; path = Info.plist; sourceTree = "<group>"; };
		520DC81622A46FA600253A1A /* TextPartsForOverlay.swift */ = {isa = PBXFileReference; lastKnownFileType = sourcecode.swift; path = TextPartsForOverlay.swift; sourceTree = "<group>"; };
		520DC81822A47E2E00253A1A /* bunny.mp4 */ = {isa = PBXFileReference; lastKnownFileType = file; path = bunny.mp4; sourceTree = "<group>"; };
		520DC81A22A47E4200253A1A /* countdown.mov */ = {isa = PBXFileReference; lastKnownFileType = video.quicktime; path = countdown.mov; sourceTree = "<group>"; };
		520DC81C22A4F1DA00253A1A /* VideoHelper.swift */ = {isa = PBXFileReference; lastKnownFileType = sourcecode.swift; path = VideoHelper.swift; sourceTree = "<group>"; };
/* End PBXFileReference section */

/* Begin PBXFrameworksBuildPhase section */
		520DC7FE22A4601800253A1A /* Frameworks */ = {
			isa = PBXFrameworksBuildPhase;
			buildActionMask = 2147483647;
			files = (
			);
			runOnlyForDeploymentPostprocessing = 0;
		};
/* End PBXFrameworksBuildPhase section */

/* Begin PBXGroup section */
		520DC7F822A4601800253A1A = {
			isa = PBXGroup;
			children = (
				520DC80322A4601800253A1A /* VideoWithOverlay */,
				520DC80222A4601800253A1A /* Products */,
			);
			sourceTree = "<group>";
		};
		520DC80222A4601800253A1A /* Products */ = {
			isa = PBXGroup;
			children = (
				520DC80122A4601800253A1A /* VideoWithOverlay.app */,
			);
			name = Products;
			sourceTree = "<group>";
		};
		520DC80322A4601800253A1A /* VideoWithOverlay */ = {
			isa = PBXGroup;
			children = (
				520DC81822A47E2E00253A1A /* bunny.mp4 */,
				520DC81A22A47E4200253A1A /* countdown.mov */,
				520DC80422A4601900253A1A /* AppDelegate.swift */,
				520DC80622A4601900253A1A /* ViewController.swift */,
				520DC81C22A4F1DA00253A1A /* VideoHelper.swift */,
				520DC80822A4601900253A1A /* Main.storyboard */,
				520DC81622A46FA600253A1A /* TextPartsForOverlay.swift */,
				520DC80B22A4601A00253A1A /* Assets.xcassets */,
				520DC80D22A4601A00253A1A /* LaunchScreen.storyboard */,
				520DC81022A4601A00253A1A /* Info.plist */,
			);
			path = VideoWithOverlay;
			sourceTree = "<group>";
		};
/* End PBXGroup section */

/* Begin PBXNativeTarget section */
		520DC80022A4601800253A1A /* VideoWithOverlay */ = {
			isa = PBXNativeTarget;
			buildConfigurationList = 520DC81322A4601A00253A1A /* Build configuration list for PBXNativeTarget "VideoWithOverlay" */;
			buildPhases = (
				520DC7FD22A4601800253A1A /* Sources */,
				520DC7FE22A4601800253A1A /* Frameworks */,
				520DC7FF22A4601800253A1A /* Resources */,
			);
			buildRules = (
			);
			dependencies = (
			);
			name = VideoWithOverlay;
			productName = VideoWithOverlay;
			productReference = 520DC80122A4601800253A1A /* VideoWithOverlay.app */;
			productType = "com.apple.product-type.application";
		};
/* End PBXNativeTarget section */

/* Begin PBXProject section */
		520DC7F922A4601800253A1A /* Project object */ = {
			isa = PBXProject;
			attributes = {
				LastSwiftUpdateCheck = 1020;
				LastUpgradeCheck = 1020;
				ORGANIZATIONNAME = "Nouaille-Degorce";
				TargetAttributes = {
					520DC80022A4601800253A1A = {
						CreatedOnToolsVersion = 10.2.1;
					};
				};
			};
			buildConfigurationList = 520DC7FC22A4601800253A1A /* Build configuration list for PBXProject "VideoWithOverlay" */;
			compatibilityVersion = "Xcode 9.3";
			developmentRegion = en;
			hasScannedForEncodings = 0;
			knownRegions = (
				en,
				Base,
			);
			mainGroup = 520DC7F822A4601800253A1A;
			productRefGroup = 520DC80222A4601800253A1A /* Products */;
			projectDirPath = "";
			projectRoot = "";
			targets = (
				520DC80022A4601800253A1A /* VideoWithOverlay */,
			);
		};
/* End PBXProject section */

/* Begin PBXResourcesBuildPhase section */
		520DC7FF22A4601800253A1A /* Resources */ = {
			isa = PBXResourcesBuildPhase;
			buildActionMask = 2147483647;
			files = (
				520DC81922A47E2E00253A1A /* bunny.mp4 in Resources */,
				520DC80F22A4601A00253A1A /* LaunchScreen.storyboard in Resources */,
				520DC80C22A4601A00253A1A /* Assets.xcassets in Resources */,
				520DC81B22A47E4200253A1A /* countdown.mov in Resources */,
				520DC80A22A4601900253A1A /* Main.storyboard in Resources */,
			);
			runOnlyForDeploymentPostprocessing = 0;
		};
/* End PBXResourcesBuildPhase section */

/* Begin PBXSourcesBuildPhase section */
		520DC7FD22A4601800253A1A /* Sources */ = {
			isa = PBXSourcesBuildPhase;
			buildActionMask = 2147483647;
			files = (
				520DC80722A4601900253A1A /* ViewController.swift in Sources */,
				520DC80522A4601900253A1A /* AppDelegate.swift in Sources */,
				520DC81722A46FA600253A1A /* TextPartsForOverlay.swift in Sources */,
				520DC81D22A4F1DA00253A1A /* VideoHelper.swift in Sources */,
			);
			runOnlyForDeploymentPostprocessing = 0;
		};
/* End PBXSourcesBuildPhase section */

/* Begin PBXVariantGroup section */
		520DC80822A4601900253A1A /* Main.storyboard */ = {
			isa = PBXVariantGroup;
			children = (
				520DC80922A4601900253A1A /* Base */,
			);
			name = Main.storyboard;
			sourceTree = "<group>";
		};
		520DC80D22A4601A00253A1A /* LaunchScreen.storyboard */ = {
			isa = PBXVariantGroup;
			children = (
				520DC80E22A4601A00253A1A /* Base */,
			);
			name = LaunchScreen.storyboard;
			sourceTree = "<group>";
		};
/* End PBXVariantGroup section */

/* Begin XCBuildConfiguration section */
		520DC81122A4601A00253A1A /* Debug */ = {
			isa = XCBuildConfiguration;
			buildSettings = {
				ALWAYS_SEARCH_USER_PATHS = NO;
				CLANG_ANALYZER_NONNULL = YES;
				CLANG_ANALYZER_NUMBER_OBJECT_CONVERSION = YES_AGGRESSIVE;
				CLANG_CXX_LANGUAGE_STANDARD = "gnu++14";
				CLANG_CXX_LIBRARY = "libc++";
				CLANG_ENABLE_MODULES = YES;
				CLANG_ENABLE_OBJC_ARC = YES;
				CLANG_ENABLE_OBJC_WEAK = YES;
				CLANG_WARN_BLOCK_CAPTURE_AUTORELEASING = YES;
				CLANG_WARN_BOOL_CONVERSION = YES;
				CLANG_WARN_COMMA = YES;
				CLANG_WARN_CONSTANT_CONVERSION = YES;
				CLANG_WARN_DEPRECATED_OBJC_IMPLEMENTATIONS = YES;
				CLANG_WARN_DIRECT_OBJC_ISA_USAGE = YES_ERROR;
				CLANG_WARN_DOCUMENTATION_COMMENTS = YES;
				CLANG_WARN_EMPTY_BODY = YES;
				CLANG_WARN_ENUM_CONVERSION = YES;
				CLANG_WARN_INFINITE_RECURSION = YES;
				CLANG_WARN_INT_CONVERSION = YES;
				CLANG_WARN_NON_LITERAL_NULL_CONVERSION = YES;
				CLANG_WARN_OBJC_IMPLICIT_RETAIN_SELF = YES;
				CLANG_WARN_OBJC_LITERAL_CONVERSION = YES;
				CLANG_WARN_OBJC_ROOT_CLASS = YES_ERROR;
				CLANG_WARN_RANGE_LOOP_ANALYSIS = YES;
				CLANG_WARN_STRICT_PROTOTYPES = YES;
				CLANG_WARN_SUSPICIOUS_MOVE = YES;
				CLANG_WARN_UNGUARDED_AVAILABILITY = YES_AGGRESSIVE;
				CLANG_WARN_UNREACHABLE_CODE = YES;
				CLANG_WARN__DUPLICATE_METHOD_MATCH = YES;
				CODE_SIGN_IDENTITY = "iPhone Developer";
				COPY_PHASE_STRIP = NO;
				DEBUG_INFORMATION_FORMAT = dwarf;
				ENABLE_STRICT_OBJC_MSGSEND = YES;
				ENABLE_TESTABILITY = YES;
				GCC_C_LANGUAGE_STANDARD = gnu11;
				GCC_DYNAMIC_NO_PIC = NO;
				GCC_NO_COMMON_BLOCKS = YES;
				GCC_OPTIMIZATION_LEVEL = 0;
				GCC_PREPROCESSOR_DEFINITIONS = (
					"DEBUG=1",
					"$(inherited)",
				);
				GCC_WARN_64_TO_32_BIT_CONVERSION = YES;
				GCC_WARN_ABOUT_RETURN_TYPE = YES_ERROR;
				GCC_WARN_UNDECLARED_SELECTOR = YES;
				GCC_WARN_UNINITIALIZED_AUTOS = YES_AGGRESSIVE;
				GCC_WARN_UNUSED_FUNCTION = YES;
				GCC_WARN_UNUSED_VARIABLE = YES;
				IPHONEOS_DEPLOYMENT_TARGET = 12.2;
				MTL_ENABLE_DEBUG_INFO = INCLUDE_SOURCE;
				MTL_FAST_MATH = YES;
				ONLY_ACTIVE_ARCH = YES;
				SDKROOT = iphoneos;
				SWIFT_ACTIVE_COMPILATION_CONDITIONS = DEBUG;
				SWIFT_OPTIMIZATION_LEVEL = "-Onone";
			};
			name = Debug;
		};
		520DC81222A4601A00253A1A /* Release */ = {
			isa = XCBuildConfiguration;
			buildSettings = {
				ALWAYS_SEARCH_USER_PATHS = NO;
				CLANG_ANALYZER_NONNULL = YES;
				CLANG_ANALYZER_NUMBER_OBJECT_CONVERSION = YES_AGGRESSIVE;
				CLANG_CXX_LANGUAGE_STANDARD = "gnu++14";
				CLANG_CXX_LIBRARY = "libc++";
				CLANG_ENABLE_MODULES = YES;
				CLANG_ENABLE_OBJC_ARC = YES;
				CLANG_ENABLE_OBJC_WEAK = YES;
				CLANG_WARN_BLOCK_CAPTURE_AUTORELEASING = YES;
				CLANG_WARN_BOOL_CONVERSION = YES;
				CLANG_WARN_COMMA = YES;
				CLANG_WARN_CONSTANT_CONVERSION = YES;
				CLANG_WARN_DEPRECATED_OBJC_IMPLEMENTATIONS = YES;
				CLANG_WARN_DIRECT_OBJC_ISA_USAGE = YES_ERROR;
				CLANG_WARN_DOCUMENTATION_COMMENTS = YES;
				CLANG_WARN_EMPTY_BODY = YES;
				CLANG_WARN_ENUM_CONVERSION = YES;
				CLANG_WARN_INFINITE_RECURSION = YES;
				CLANG_WARN_INT_CONVERSION = YES;
				CLANG_WARN_NON_LITERAL_NULL_CONVERSION = YES;
				CLANG_WARN_OBJC_IMPLICIT_RETAIN_SELF = YES;
				CLANG_WARN_OBJC_LITERAL_CONVERSION = YES;
				CLANG_WARN_OBJC_ROOT_CLASS = YES_ERROR;
				CLANG_WARN_RANGE_LOOP_ANALYSIS = YES;
				CLANG_WARN_STRICT_PROTOTYPES = YES;
				CLANG_WARN_SUSPICIOUS_MOVE = YES;
				CLANG_WARN_UNGUARDED_AVAILABILITY = YES_AGGRESSIVE;
				CLANG_WARN_UNREACHABLE_CODE = YES;
				CLANG_WARN__DUPLICATE_METHOD_MATCH = YES;
				CODE_SIGN_IDENTITY = "iPhone Developer";
				COPY_PHASE_STRIP = NO;
				DEBUG_INFORMATION_FORMAT = "dwarf-with-dsym";
				ENABLE_NS_ASSERTIONS = NO;
				ENABLE_STRICT_OBJC_MSGSEND = YES;
				GCC_C_LANGUAGE_STANDARD = gnu11;
				GCC_NO_COMMON_BLOCKS = YES;
				GCC_WARN_64_TO_32_BIT_CONVERSION = YES;
				GCC_WARN_ABOUT_RETURN_TYPE = YES_ERROR;
				GCC_WARN_UNDECLARED_SELECTOR = YES;
				GCC_WARN_UNINITIALIZED_AUTOS = YES_AGGRESSIVE;
				GCC_WARN_UNUSED_FUNCTION = YES;
				GCC_WARN_UNUSED_VARIABLE = YES;
				IPHONEOS_DEPLOYMENT_TARGET = 12.2;
				MTL_ENABLE_DEBUG_INFO = NO;
				MTL_FAST_MATH = YES;
				SDKROOT = iphoneos;
				SWIFT_COMPILATION_MODE = wholemodule;
				SWIFT_OPTIMIZATION_LEVEL = "-O";
				VALIDATE_PRODUCT = YES;
			};
			name = Release;
		};
		520DC81422A4601A00253A1A /* Debug */ = {
			isa = XCBuildConfiguration;
			buildSettings = {
				ASSETCATALOG_COMPILER_APPICON_NAME = AppIcon;
				CODE_SIGN_STYLE = Automatic;
				DEVELOPMENT_TEAM = VJTMCHPY3Z;
				INFOPLIST_FILE = VideoWithOverlay/Info.plist;
				LD_RUNPATH_SEARCH_PATHS = (
					"$(inherited)",
					"@executable_path/Frameworks",
				);
				PRODUCT_BUNDLE_IDENTIFIER = "com.nouaille-degorce.VideoWithOverlay";
				PRODUCT_NAME = "$(TARGET_NAME)";
				SWIFT_VERSION = 5.0;
				TARGETED_DEVICE_FAMILY = "1,2";
			};
			name = Debug;
		};
		520DC81522A4601A00253A1A /* Release */ = {
			isa = XCBuildConfiguration;
			buildSettings = {
				ASSETCATALOG_COMPILER_APPICON_NAME = AppIcon;
				CODE_SIGN_STYLE = Automatic;
				DEVELOPMENT_TEAM = VJTMCHPY3Z;
				INFOPLIST_FILE = VideoWithOverlay/Info.plist;
				LD_RUNPATH_SEARCH_PATHS = (
					"$(inherited)",
					"@executable_path/Frameworks",
				);
				PRODUCT_BUNDLE_IDENTIFIER = "com.nouaille-degorce.VideoWithOverlay";
				PRODUCT_NAME = "$(TARGET_NAME)";
				SWIFT_VERSION = 5.0;
				TARGETED_DEVICE_FAMILY = "1,2";
			};
			name = Release;
		};
/* End XCBuildConfiguration section */

/* Begin XCConfigurationList section */
		520DC7FC22A4601800253A1A /* Build configuration list for PBXProject "VideoWithOverlay" */ = {
			isa = XCConfigurationList;
			buildConfigurations = (
				520DC81122A4601A00253A1A /* Debug */,
				520DC81222A4601A00253A1A /* Release */,
			);
			defaultConfigurationIsVisible = 0;
			defaultConfigurationName = Release;
		};
		520DC81322A4601A00253A1A /* Build configuration list for PBXNativeTarget "VideoWithOverlay" */ = {
			isa = XCConfigurationList;
			buildConfigurations = (
				520DC81422A4601A00253A1A /* Debug */,
				520DC81522A4601A00253A1A /* Release */,
			);
			defaultConfigurationIsVisible = 0;
			defaultConfigurationName = Release;
		};
/* End XCConfigurationList section */
	};
	rootObject = 520DC7F922A4601800253A1A /* Project object */;
}
